
Microsoft Visual Studio Solution File, Format Version 12.00
# Visual Studio 15
VisualStudioVersion = 15.0.28307.271
MinimumVisualStudioVersion = 10.0.40219.1
Project("{FAE04EC0-301F-11D3-BF4B-00C04F79EFBC}") = "MyAppASP", "MyAppASP\MyAppASP.csproj", "{F781DC27-9B2A-47D9-B72E-DFBC8DE7784F}"
EndProject
Global
	GlobalSection(SolutionConfigurationPlatforms) = preSolution
		Debug|Any CPU = Debug|Any CPU
		Release|Any CPU = Release|Any CPU
	EndGlobalSection
	GlobalSection(ProjectConfigurationPlatforms) = postSolution
		{F781DC27-9B2A-47D9-B72E-DFBC8DE7784F}.Debug|Any CPU.ActiveCfg = Debug|Any CPU
		{F781DC27-9B2A-47D9-B72E-DFBC8DE7784F}.Debug|Any CPU.Build.0 = Debug|Any CPU
		{F781DC27-9B2A-47D9-B72E-DFBC8DE7784F}.Release|Any CPU.ActiveCfg = Release|Any CPU
		{F781DC27-9B2A-47D9-B72E-DFBC8DE7784F}.Release|Any CPU.Build.0 = Release|Any CPU
	EndGlobalSection
	GlobalSection(SolutionProperties) = preSolution
		HideSolutionNode = FALSE
	EndGlobalSection
	GlobalSection(ExtensibilityGlobals) = postSolution
		SolutionGuid = {E7DE5589-5651-4FE4-8943-AB3D82DA1BB1}
	EndGlobalSection
EndGlobal
